hash: b81885b9322719f0e7427a0ae6c1f73eca7cda2ad706706f7cb8b3870bade6a2
updated: 2017-10-31T10:13:57.856318-04:00
imports:
- name: github.com/golang/protobuf
  version: 1643683e1b54a9e88ad26d98f81400c8c9d9f4f9
  subpackages:
  - proto
- name: github.com/google/go-github
  version: 724ae38c5030a22104e240636c81f7c3259d1e00
  subpackages:
  - github
- name: github.com/google/go-querystring
  version: 53e6ce116135b80d037921a7fdd5138cf32d7a8a
  subpackages:
  - query
- name: golang.org/x/net
  version: c73622c77280266305273cb545f54516ced95b93
  subpackages:
  - context
  - context/ctxhttp
- name: golang.org/x/oauth2
  version: bb50c06baba3d0c76f9d125c0719093e315b5b44
  subpackages:
  - internal
- name: google.golang.org/appengine
  version: a2e0dc829727a4f957a7428b1f322805cfc1f362
  subpackages:
  - internal
  - internal/base
  - internal/datastore
  - internal/log
  - internal/remote_api
  - internal/urlfetch
  - urlfetch
testImports: []
